// !$*UTF8*$!
{
	archiveVersion = 1;
	classes = {
	};
	objectVersion = 56;
	objects = {

/* Begin PBXBuildFile section */
		1A0000000000000000000020 /* main.swift in Sources */ = {isa = PBXBuildFile; fileRef = 1A0000000000000000000010 /* main.swift */; };
		1A0000000000000000000021 /* AppDelegate.swift in Sources */ = {isa = PBXBuildFile; fileRef = 1A0000000000000000000011 /* AppDelegate.swift */; };
		1A0000000000000000000022 /* MirrorView.swift in Sources */ = {isa = PBXBuildFile; fileRef = 1A0000000000000000000012 /* MirrorView.swift */; };
		1A0000000000000000000023 /* HEVCStream.swift in Sources */ = {isa = PBXBuildFile; fileRef = 1A0000000000000000000013 /* HEVCStream.swift */; };
		1A0000000000000000000041 /* DirectStream.swift in Sources */ = {isa = PBXBuildFile; fileRef = 1A0000000000000000000040 /* DirectStream.swift */; };
		1A0000000000000000000043 /* rp_xpc.c in Sources */ = {isa = PBXBuildFile; fileRef = 1A0000000000000000000042 /* rp_xpc.c */; };
		1A0000000000000000000045 /* rp_http2.c in Sources */ = {isa = PBXBuildFile; fileRef = 1A0000000000000000000044 /* rp_http2.c */; };
		1A0000000000000000000047 /* rp_remotexpc.c in Sources */ = {isa = PBXBuildFile; fileRef = 1A0000000000000000000046 /* rp_remotexpc.c */; };
		1A0000000000000000000049 /* rp_coredevice.c in Sources */ = {isa = PBXBuildFile; fileRef = 1A0000000000000000000048 /* rp_coredevice.c */; };
		1A000000000000000000004B /* rp_media_offer.c in Sources */ = {isa = PBXBuildFile; fileRef = 1A000000000000000000004A /* rp_media_offer.c */; };
		1A000000000000000000004D /* rp_rtp.c in Sources */ = {isa = PBXBuildFile; fileRef = 1A000000000000000000004C /* rp_rtp.c */; };
		1A0000000000000000000AA1 /* rp_rtp_assembler.c in Sources */ = {isa = PBXBuildFile; fileRef = 1A0000000000000000000AA0 /* rp_rtp_assembler.c */; };
		1A000000000000000000004F /* rp_rtcp.c in Sources */ = {isa = PBXBuildFile; fileRef = 1A000000000000000000004E /* rp_rtcp.c */; };
		1A0000000000000000000051 /* media.c in Sources */ = {isa = PBXBuildFile; fileRef = 1A0000000000000000000050 /* media.c */; };
		1A0000000000000000000035 /* USBMirror.swift in Sources */ = {isa = PBXBuildFile; fileRef = 1A0000000000000000000034 /* USBMirror.swift */; };
		1A0000000000000000000033 /* AppBuild.swift in Sources */ = {isa = PBXBuildFile; fileRef = 1A0000000000000000000032 /* AppBuild.swift */; };
		1A0000000000000000000053 /* DeviceInfo.swift in Sources */ = {isa = PBXBuildFile; fileRef = 1A0000000000000000000052 /* DeviceInfo.swift */; };
		1A0000000000000000000055 /* DiagnosticsPanel.swift in Sources */ = {isa = PBXBuildFile; fileRef = 1A0000000000000000000054 /* DiagnosticsPanel.swift */; };
		1A00000000000000000000A3 /* ConsolePanel.swift in Sources */ = {isa = PBXBuildFile; fileRef = 1A00000000000000000000A2 /* ConsolePanel.swift */; };
		1A00000000000000000000A1 /* AppsPanel.swift in Sources */ = {isa = PBXBuildFile; fileRef = 1A00000000000000000000A0 /* AppsPanel.swift */; };
		1A0000000000000000000057 /* InspectorPane.swift in Sources */ = {isa = PBXBuildFile; fileRef = 1A0000000000000000000056 /* InspectorPane.swift */; };
		1A0000000000000000000059 /* ScreenWindow.swift in Sources */ = {isa = PBXBuildFile; fileRef = 1A0000000000000000000058 /* ScreenWindow.swift */; };
		1A000000000000000000005B /* ControlStrip.swift in Sources */ = {isa = PBXBuildFile; fileRef = 1A000000000000000000005A /* ControlStrip.swift */; };
		1A000000000000000000005D /* DeviceModel.swift in Sources */ = {isa = PBXBuildFile; fileRef = 1A000000000000000000005C /* DeviceModel.swift */; };
		1A000000000000000000005F /* SimulatorList.swift in Sources */ = {isa = PBXBuildFile; fileRef = 1A000000000000000000005E /* SimulatorList.swift */; };
		1A0000000000000000000031 /* VideoDecoder.swift in Sources */ = {isa = PBXBuildFile; fileRef = 1A0000000000000000000030 /* VideoDecoder.swift */; };
		1A0000000000000000000024 /* StreamClient.swift in Sources */ = {isa = PBXBuildFile; fileRef = 1A0000000000000000000014 /* StreamClient.swift */; };
		1A0000000000000000000025 /* ControlClient.swift in Sources */ = {isa = PBXBuildFile; fileRef = 1A0000000000000000000015 /* ControlClient.swift */; };
		1A0000000000000000000026 /* TCPSocket.swift in Sources */ = {isa = PBXBuildFile; fileRef = 1A0000000000000000000016 /* TCPSocket.swift */; };
		1A0000000000000000000027 /* DeviceSidebar.swift in Sources */ = {isa = PBXBuildFile; fileRef = 1A0000000000000000000019 /* DeviceSidebar.swift */; };
		1A0000000000000000000028 /* ControlPanel.swift in Sources */ = {isa = PBXBuildFile; fileRef = 1A000000000000000000001A /* ControlPanel.swift */; };
/* End PBXBuildFile section */

/* Begin PBXFileReference section */
		1A0000000000000000000006 /* rPlayHub.app */ = {isa = PBXFileReference; explicitFileType = wrapper.application; includeInIndex = 0; path = rPlayHub.app; sourceTree = BUILT_PRODUCTS_DIR; };
		1A0000000000000000000010 /* main.swift */ = {isa = PBXFileReference; lastKnownFileType = sourcecode.swift; path = main.swift; sourceTree = "<group>"; };
		1A0000000000000000000011 /* AppDelegate.swift */ = {isa = PBXFileReference; lastKnownFileType = sourcecode.swift; path = AppDelegate.swift; sourceTree = "<group>"; };
		1A0000000000000000000012 /* MirrorView.swift */ = {isa = PBXFileReference; lastKnownFileType = sourcecode.swift; path = MirrorView.swift; sourceTree = "<group>"; };
		1A0000000000000000000013 /* HEVCStream.swift */ = {isa = PBXFileReference; lastKnownFileType = sourcecode.swift; path = HEVCStream.swift; sourceTree = "<group>"; };
		1A0000000000000000000040 /* DirectStream.swift */ = {isa = PBXFileReference; lastKnownFileType = sourcecode.swift; name = DirectStream.swift; path = DirectStream.swift; sourceTree = "<group>"; };
		1A0000000000000000000042 /* rp_xpc.c */ = {isa = PBXFileReference; lastKnownFileType = sourcecode.c.c; name = rp_xpc.c; path = ../core/rp_xpc.c; sourceTree = SOURCE_ROOT; };
		1A0000000000000000000044 /* rp_http2.c */ = {isa = PBXFileReference; lastKnownFileType = sourcecode.c.c; name = rp_http2.c; path = ../core/rp_http2.c; sourceTree = SOURCE_ROOT; };
		1A0000000000000000000046 /* rp_remotexpc.c */ = {isa = PBXFileReference; lastKnownFileType = sourcecode.c.c; name = rp_remotexpc.c; path = ../core/rp_remotexpc.c; sourceTree = SOURCE_ROOT; };
		1A0000000000000000000048 /* rp_coredevice.c */ = {isa = PBXFileReference; lastKnownFileType = sourcecode.c.c; name = rp_coredevice.c; path = ../core/rp_coredevice.c; sourceTree = SOURCE_ROOT; };
		1A000000000000000000004A /* rp_media_offer.c */ = {isa = PBXFileReference; lastKnownFileType = sourcecode.c.c; name = rp_media_offer.c; path = ../core/rp_media_offer.c; sourceTree = SOURCE_ROOT; };
		1A000000000000000000004C /* rp_rtp.c */ = {isa = PBXFileReference; lastKnownFileType = sourcecode.c.c; name = rp_rtp.c; path = ../core/rp_rtp.c; sourceTree = SOURCE_ROOT; };
		1A0000000000000000000AA0 /* rp_rtp_assembler.c */ = {isa = PBXFileReference; lastKnownFileType = sourcecode.c.c; name = rp_rtp_assembler.c; path = ../core/rp_rtp_assembler.c; sourceTree = SOURCE_ROOT; };
		1A000000000000000000004E /* rp_rtcp.c */ = {isa = PBXFileReference; lastKnownFileType = sourcecode.c.c; name = rp_rtcp.c; path = ../core/rp_rtcp.c; sourceTree = SOURCE_ROOT; };
		1A0000000000000000000050 /* media.c */ = {isa = PBXFileReference; lastKnownFileType = sourcecode.c.c; name = media.c; path = ../host-c/media.c; sourceTree = SOURCE_ROOT; };
		1A0000000000000000000034 /* USBMirror.swift */ = {isa = PBXFileReference; lastKnownFileType = sourcecode.swift; path = USBMirror.swift; sourceTree = "<group>"; };
		1A0000000000000000000032 /* AppBuild.swift */ = {isa = PBXFileReference; lastKnownFileType = sourcecode.swift; path = AppBuild.swift; sourceTree = "<group>"; };
		1A0000000000000000000052 /* DeviceInfo.swift */ = {isa = PBXFileReference; lastKnownFileType = sourcecode.swift; path = DeviceInfo.swift; sourceTree = "<group>"; };
		1A0000000000000000000054 /* DiagnosticsPanel.swift */ = {isa = PBXFileReference; lastKnownFileType = sourcecode.swift; path = DiagnosticsPanel.swift; sourceTree = "<group>"; };
		1A00000000000000000000A2 /* ConsolePanel.swift */ = {isa = PBXFileReference; lastKnownFileType = sourcecode.swift; path = ConsolePanel.swift; sourceTree = "<group>"; };
		1A00000000000000000000A0 /* AppsPanel.swift */ = {isa = PBXFileReference; lastKnownFileType = sourcecode.swift; path = AppsPanel.swift; sourceTree = "<group>"; };
		1A0000000000000000000056 /* InspectorPane.swift */ = {isa = PBXFileReference; lastKnownFileType = sourcecode.swift; path = InspectorPane.swift; sourceTree = "<group>"; };
		1A0000000000000000000058 /* ScreenWindow.swift */ = {isa = PBXFileReference; lastKnownFileType = sourcecode.swift; path = ScreenWindow.swift; sourceTree = "<group>"; };
		1A000000000000000000005A /* ControlStrip.swift */ = {isa = PBXFileReference; lastKnownFileType = sourcecode.swift; path = ControlStrip.swift; sourceTree = "<group>"; };
		1A000000000000000000005C /* DeviceModel.swift */ = {isa = PBXFileReference; lastKnownFileType = sourcecode.swift; path = DeviceModel.swift; sourceTree = "<group>"; };
		1A000000000000000000005E /* SimulatorList.swift */ = {isa = PBXFileReference; lastKnownFileType = sourcecode.swift; path = SimulatorList.swift; sourceTree = "<group>"; };
		1A0000000000000000000030 /* VideoDecoder.swift */ = {isa = PBXFileReference; lastKnownFileType = sourcecode.swift; path = VideoDecoder.swift; sourceTree = "<group>"; };
		1A0000000000000000000014 /* StreamClient.swift */ = {isa = PBXFileReference; lastKnownFileType = sourcecode.swift; path = StreamClient.swift; sourceTree = "<group>"; };
		1A0000000000000000000015 /* ControlClient.swift */ = {isa = PBXFileReference; lastKnownFileType = sourcecode.swift; path = ControlClient.swift; sourceTree = "<group>"; };
		1A0000000000000000000016 /* TCPSocket.swift */ = {isa = PBXFileReference; lastKnownFileType = sourcecode.swift; path = TCPSocket.swift; sourceTree = "<group>"; };
		1A0000000000000000000017 /* Info.plist */ = {isa = PBXFileReference; lastKnownFileType = text.plist.xml; path = Info.plist; sourceTree = "<group>"; };
		1A0000000000000000000018 /* rPlayHub.entitlements */ = {isa = PBXFileReference; lastKnownFileType = text.plist.entitlements; path = rPlayHub.entitlements; sourceTree = "<group>"; };
		1A0000000000000000000019 /* DeviceSidebar.swift */ = {isa = PBXFileReference; lastKnownFileType = sourcecode.swift; path = DeviceSidebar.swift; sourceTree = "<group>"; };
		1A000000000000000000001A /* ControlPanel.swift */ = {isa = PBXFileReference; lastKnownFileType = sourcecode.swift; path = ControlPanel.swift; sourceTree = "<group>"; };
/* End PBXFileReference section */

/* Begin PBXFrameworksBuildPhase section */
		1A0000000000000000000008 /* Frameworks */ = {
			isa = PBXFrameworksBuildPhase;
			buildActionMask = 2147483647;
			files = (
			);
			runOnlyForDeploymentPostprocessing = 0;
		};
/* End PBXFrameworksBuildPhase section */

/* Begin PBXGroup section */
		1A0000000000000000000002 = {
			isa = PBXGroup;
			children = (
				1A0000000000000000000004 /* rPlayHub */,
				1A0000000000000000000003 /* Products */,
			);
			sourceTree = "<group>";
		};
		1A0000000000000000000003 /* Products */ = {
			isa = PBXGroup;
			children = (
				1A0000000000000000000006 /* rPlayHub.app */,
			);
			name = Products;
			sourceTree = "<group>";
		};
		1A0000000000000000000004 /* rPlayHub */ = {
			isa = PBXGroup;
			children = (
				1A0000000000000000000010 /* main.swift */,
				1A0000000000000000000011 /* AppDelegate.swift */,
				1A0000000000000000000012 /* MirrorView.swift */,
				1A0000000000000000000013 /* HEVCStream.swift */,
				1A0000000000000000000040 /* DirectStream.swift */,
				1A0000000000000000000042 /* rp_xpc.c */,
				1A0000000000000000000044 /* rp_http2.c */,
				1A0000000000000000000046 /* rp_remotexpc.c */,
				1A0000000000000000000048 /* rp_coredevice.c */,
				1A000000000000000000004A /* rp_media_offer.c */,
				1A000000000000000000004C /* rp_rtp.c */,
				1A0000000000000000000AA0 /* rp_rtp_assembler.c */,
				1A000000000000000000004E /* rp_rtcp.c */,
				1A0000000000000000000050 /* media.c */,
				1A0000000000000000000034 /* USBMirror.swift */,
				1A0000000000000000000032 /* AppBuild.swift */,
				1A0000000000000000000052 /* DeviceInfo.swift */,
				1A0000000000000000000054 /* DiagnosticsPanel.swift */,
				1A00000000000000000000A2 /* ConsolePanel.swift */,
				1A00000000000000000000A0 /* AppsPanel.swift */,
				1A0000000000000000000056 /* InspectorPane.swift */,
				1A0000000000000000000058 /* ScreenWindow.swift */,
				1A000000000000000000005A /* ControlStrip.swift */,
				1A000000000000000000005C /* DeviceModel.swift */,
				1A000000000000000000005E /* SimulatorList.swift */,
				1A0000000000000000000030 /* VideoDecoder.swift */,
				1A0000000000000000000014 /* StreamClient.swift */,
				1A0000000000000000000015 /* ControlClient.swift */,
				1A0000000000000000000016 /* TCPSocket.swift */,
				1A0000000000000000000019 /* DeviceSidebar.swift */,
				1A000000000000000000001A /* ControlPanel.swift */,
				1A0000000000000000000017 /* Info.plist */,
				1A0000000000000000000018 /* rPlayHub.entitlements */,
			);
			path = rPlayHub;
			sourceTree = "<group>";
		};
/* End PBXGroup section */

/* Begin PBXNativeTarget section */
		1A0000000000000000000005 /* rPlayHub */ = {
			isa = PBXNativeTarget;
			buildConfigurationList = 1A000000000000000000000B /* Build configuration list for PBXNativeTarget "rPlayHub" */;
			buildPhases = (
				1A0000000000000000000007 /* Sources */,
				1A0000000000000000000008 /* Frameworks */,
				1A0000000000000000000009 /* Resources */,
			);
			buildRules = (
			);
			dependencies = (
			);
			name = rPlayHub;
			productName = rPlayHub;
			productReference = 1A0000000000000000000006 /* rPlayHub.app */;
			productType = "com.apple.product-type.application";
		};
/* End PBXNativeTarget section */

/* Begin PBXProject section */
		1A0000000000000000000001 /* Project object */ = {
			isa = PBXProject;
			attributes = {
				BuildIndependentTargetsInParallel = 1;
				LastSwiftUpdateCheck = 1620;
				LastUpgradeCheck = 1620;
				TargetAttributes = {
					1A0000000000000000000005 = {
						CreatedOnToolsVersion = 16.2;
					};
				};
			};
			buildConfigurationList = 1A000000000000000000000A /* Build configuration list for PBXProject "rPlayHub" */;
			compatibilityVersion = "Xcode 14.0";
			developmentRegion = en;
			hasScannedForEncodings = 0;
			knownRegions = (
				en,
				Base,
			);
			mainGroup = 1A0000000000000000000002;
			productRefGroup = 1A0000000000000000000003 /* Products */;
			projectDirPath = "";
			projectRoot = "";
			targets = (
				1A0000000000000000000005 /* rPlayHub */,
			);
		};
/* End PBXProject section */

/* Begin PBXResourcesBuildPhase section */
		1A0000000000000000000009 /* Resources */ = {
			isa = PBXResourcesBuildPhase;
			buildActionMask = 2147483647;
			files = (
			);
			runOnlyForDeploymentPostprocessing = 0;
		};
/* End PBXResourcesBuildPhase section */

/* Begin PBXSourcesBuildPhase section */
		1A0000000000000000000007 /* Sources */ = {
			isa = PBXSourcesBuildPhase;
			buildActionMask = 2147483647;
			files = (
				1A0000000000000000000020 /* main.swift in Sources */,
				1A0000000000000000000021 /* AppDelegate.swift in Sources */,
				1A0000000000000000000022 /* MirrorView.swift in Sources */,
				1A0000000000000000000023 /* HEVCStream.swift in Sources */,
				1A0000000000000000000041 /* DirectStream.swift in Sources */,
				1A0000000000000000000043 /* rp_xpc.c in Sources */,
				1A0000000000000000000045 /* rp_http2.c in Sources */,
				1A0000000000000000000047 /* rp_remotexpc.c in Sources */,
				1A0000000000000000000049 /* rp_coredevice.c in Sources */,
				1A000000000000000000004B /* rp_media_offer.c in Sources */,
				1A000000000000000000004D /* rp_rtp.c in Sources */,
				1A0000000000000000000AA1 /* rp_rtp_assembler.c in Sources */,
				1A000000000000000000004F /* rp_rtcp.c in Sources */,
				1A0000000000000000000051 /* media.c in Sources */,
				1A0000000000000000000035 /* USBMirror.swift in Sources */,
				1A0000000000000000000033 /* AppBuild.swift in Sources */,
				1A0000000000000000000053 /* DeviceInfo.swift in Sources */,
				1A0000000000000000000055 /* DiagnosticsPanel.swift in Sources */,
				1A00000000000000000000A3 /* ConsolePanel.swift in Sources */,
				1A00000000000000000000A1 /* AppsPanel.swift in Sources */,
				1A0000000000000000000057 /* InspectorPane.swift in Sources */,
				1A0000000000000000000059 /* ScreenWindow.swift in Sources */,
				1A000000000000000000005B /* ControlStrip.swift in Sources */,
				1A000000000000000000005D /* DeviceModel.swift in Sources */,
				1A000000000000000000005F /* SimulatorList.swift in Sources */,
				1A0000000000000000000031 /* VideoDecoder.swift in Sources */,
				1A0000000000000000000024 /* StreamClient.swift in Sources */,
				1A0000000000000000000025 /* ControlClient.swift in Sources */,
				1A0000000000000000000026 /* TCPSocket.swift in Sources */,
				1A0000000000000000000028 /* ControlPanel.swift in Sources */,
				1A0000000000000000000027 /* DeviceSidebar.swift in Sources */,
			);
			runOnlyForDeploymentPostprocessing = 0;
		};
/* End PBXSourcesBuildPhase section */

/* Begin XCBuildConfiguration section */
		1A000000000000000000000C /* Debug */ = {
			isa = XCBuildConfiguration;
			buildSettings = {
				ALWAYS_SEARCH_USER_PATHS = NO;
				CLANG_ANALYZER_NONNULL = YES;
				CLANG_ENABLE_MODULES = YES;
				CLANG_ENABLE_OBJC_ARC = YES;
				CLANG_WARN_DOCUMENTATION_COMMENTS = YES;
				COPY_PHASE_STRIP = NO;
				DEBUG_INFORMATION_FORMAT = dwarf;
				ENABLE_STRICT_OBJC_MSGSEND = YES;
				ENABLE_TESTABILITY = YES;
				GCC_NO_COMMON_BLOCKS = YES;
				GCC_OPTIMIZATION_LEVEL = 0;
				GCC_PREPROCESSOR_DEFINITIONS = (
					"DEBUG=1",
					"$(inherited)",
				);
				MACOSX_DEPLOYMENT_TARGET = 13.0;
				MTL_ENABLE_DEBUG_INFO = INCLUDE_SOURCE;
				ONLY_ACTIVE_ARCH = YES;
				SDKROOT = macosx;
				SWIFT_ACTIVE_COMPILATION_CONDITIONS = DEBUG;
				SWIFT_OPTIMIZATION_LEVEL = "-Onone";
				SWIFT_VERSION = 5.0;
			};
			name = Debug;
		};
		1A000000000000000000000D /* Release */ = {
			isa = XCBuildConfiguration;
			buildSettings = {
				ALWAYS_SEARCH_USER_PATHS = NO;
				CLANG_ANALYZER_NONNULL = YES;
				CLANG_ENABLE_MODULES = YES;
				CLANG_ENABLE_OBJC_ARC = YES;
				CLANG_WARN_DOCUMENTATION_COMMENTS = YES;
				COPY_PHASE_STRIP = NO;
				DEBUG_INFORMATION_FORMAT = "dwarf-with-dsym";
				ENABLE_NS_ASSERTIONS = NO;
				ENABLE_STRICT_OBJC_MSGSEND = YES;
				GCC_NO_COMMON_BLOCKS = YES;
				MACOSX_DEPLOYMENT_TARGET = 13.0;
				MTL_ENABLE_DEBUG_INFO = NO;
				SDKROOT = macosx;
				SWIFT_COMPILATION_MODE = wholemodule;
				SWIFT_OPTIMIZATION_LEVEL = "-O";
				SWIFT_VERSION = 5.0;
			};
			name = Release;
		};
		1A000000000000000000000E /* Debug */ = {
			isa = XCBuildConfiguration;
			buildSettings = {
				CODE_SIGN_ENTITLEMENTS = rPlayHub/rPlayHub.entitlements;
				CODE_SIGN_STYLE = Automatic;
				COMBINE_HIDPI_IMAGES = YES;
				CURRENT_PROJECT_VERSION = 1;
				ENABLE_HARDENED_RUNTIME = YES;
				GENERATE_INFOPLIST_FILE = NO;
				INFOPLIST_FILE = rPlayHub/Info.plist;
				LD_RUNPATH_SEARCH_PATHS = (
					"$(inherited)",
					"@executable_path/../Frameworks",
				);
				MARKETING_VERSION = 0.1.0;
				PRODUCT_BUNDLE_IDENTIFIER = com.rplay.rplayhub;
				SWIFT_OBJC_BRIDGING_HEADER = "rPlayHub/rPlayHub-Bridging-Header.h";
				HEADER_SEARCH_PATHS = ("$(SRCROOT)/../core", "$(SRCROOT)/../host-c");
				OTHER_LDFLAGS = "-lz";
				PRODUCT_NAME = "$(TARGET_NAME)";
				PROVISIONING_PROFILE_SPECIFIER = "";
				SWIFT_EMIT_LOC_STRINGS = NO;
			};
			name = Debug;
		};
		1A000000000000000000000F /* Release */ = {
			isa = XCBuildConfiguration;
			buildSettings = {
				CODE_SIGN_ENTITLEMENTS = rPlayHub/rPlayHub.entitlements;
				CODE_SIGN_STYLE = Automatic;
				COMBINE_HIDPI_IMAGES = YES;
				CURRENT_PROJECT_VERSION = 1;
				ENABLE_HARDENED_RUNTIME = YES;
				GENERATE_INFOPLIST_FILE = NO;
				INFOPLIST_FILE = rPlayHub/Info.plist;
				LD_RUNPATH_SEARCH_PATHS = (
					"$(inherited)",
					"@executable_path/../Frameworks",
				);
				MARKETING_VERSION = 0.1.0;
				PRODUCT_BUNDLE_IDENTIFIER = com.rplay.rplayhub;
				SWIFT_OBJC_BRIDGING_HEADER = "rPlayHub/rPlayHub-Bridging-Header.h";
				HEADER_SEARCH_PATHS = ("$(SRCROOT)/../core", "$(SRCROOT)/../host-c");
				OTHER_LDFLAGS = "-lz";
				PRODUCT_NAME = "$(TARGET_NAME)";
				PROVISIONING_PROFILE_SPECIFIER = "";
				SWIFT_EMIT_LOC_STRINGS = NO;
			};
			name = Release;
		};
/* End XCBuildConfiguration section */

/* Begin XCConfigurationList section */
		1A000000000000000000000A /* Build configuration list for PBXProject "rPlayHub" */ = {
			isa = XCConfigurationList;
			buildConfigurations = (
				1A000000000000000000000C /* Debug */,
				1A000000000000000000000D /* Release */,
			);
			defaultConfigurationIsVisible = 0;
			defaultConfigurationName = Release;
		};
		1A000000000000000000000B /* Build configuration list for PBXNativeTarget "rPlayHub" */ = {
			isa = XCConfigurationList;
			buildConfigurations = (
				1A000000000000000000000E /* Debug */,
				1A000000000000000000000F /* Release */,
			);
			defaultConfigurationIsVisible = 0;
			defaultConfigurationName = Release;
		};
/* End XCConfigurationList section */
	};
	rootObject = 1A0000000000000000000001 /* Project object */;
}
